
Microsoft Visual Studio Solution File, Format Version 12.00
# Visual Studio Version 16
VisualStudioVersion = 16.0.30516.212
MinimumVisualStudioVersion = 10.0.40219.1
Project("{FAE04EC0-301F-11D3-BF4B-00C04F79EFBC}") = "LiveChart demo", "LiveChart demo.csproj", "{DCCC10DD-ECD3-4880-8081-77093DD1A4BD}"
EndProject
Global
	GlobalSection(SolutionConfigurationPlatforms) = preSolution
		Debug|Any CPU = Debug|Any CPU
		Release|Any CPU = Release|Any CPU
	EndGlobalSection
	GlobalSection(ProjectConfigurationPlatforms) = postSolution
		{DCCC10DD-ECD3-4880-8081-77093DD1A4BD}.Debug|Any CPU.ActiveCfg = Debug|Any CPU
		{DCCC10DD-ECD3-4880-8081-77093DD1A4BD}.Debug|Any CPU.Build.0 = Debug|Any CPU
		{DCCC10DD-ECD3-4880-8081-77093DD1A4BD}.Release|Any CPU.ActiveCfg = Release|Any CPU
		{DCCC10DD-ECD3-4880-8081-77093DD1A4BD}.Release|Any CPU.Build.0 = Release|Any CPU
	EndGlobalSection
	GlobalSection(SolutionProperties) = preSolution
		HideSolutionNode = FALSE
	EndGlobalSection
	GlobalSection(ExtensibilityGlobals) = postSolution
		SolutionGuid = {78622BB7-1610-40D1-8F28-E32D701C03F4}
	EndGlobalSection
EndGlobal
